
Microsoft Visual Studio Solution File, Format Version 12.00
# Visual Studio Version 17
VisualStudioVersion = 17.8.34322.80
MinimumVisualStudioVersion = 10.0.40219.1
Project("{FAE04EC0-301F-11D3-BF4B-00C04F79EFBC}") = "ProjectBiblioteca", "ProjectBiblioteca\ProjectBiblioteca.csproj", "{88FA8516-4058-4B86-853C-28CAD1466EE9}"
EndProject
Project("{FAE04EC0-301F-11D3-BF4B-00C04F79EFBC}") = "Bilioteca.Model", "Bilioteca.Model\Bilioteca.Model.csproj", "{407AD474-57D5-4C58-9D06-8776018CFEB6}"
EndProject
Global
	GlobalSection(SolutionConfigurationPlatforms) = preSolution
		Debug|Any CPU = Debug|Any CPU
		Release|Any CPU = Release|Any CPU
	EndGlobalSection
	GlobalSection(ProjectConfigurationPlatforms) = postSolution
		{88FA8516-4058-4B86-853C-28CAD1466EE9}.Debug|Any CPU.ActiveCfg = Debug|Any CPU
		{88FA8516-4058-4B86-853C-28CAD1466EE9}.Debug|Any CPU.Build.0 = Debug|Any CPU
		{88FA8516-4058-4B86-853C-28CAD1466EE9}.Release|Any CPU.ActiveCfg = Release|Any CPU
		{88FA8516-4058-4B86-853C-28CAD1466EE9}.Release|Any CPU.Build.0 = Release|Any CPU
		{407AD474-57D5-4C58-9D06-8776018CFEB6}.Debug|Any CPU.ActiveCfg = Debug|Any CPU
		{407AD474-57D5-4C58-9D06-8776018CFEB6}.Debug|Any CPU.Build.0 = Debug|Any CPU
		{407AD474-57D5-4C58-9D06-8776018CFEB6}.Release|Any CPU.ActiveCfg = Release|Any CPU
		{407AD474-57D5-4C58-9D06-8776018CFEB6}.Release|Any CPU.Build.0 = Release|Any CPU
	EndGlobalSection
	GlobalSection(SolutionProperties) = preSolution
		HideSolutionNode = FALSE
	EndGlobalSection
	GlobalSection(ExtensibilityGlobals) = postSolution
		SolutionGuid = {5B3D9785-C2AC-4BD2-BB4D-B495D49730FD}
	EndGlobalSection
EndGlobal
